
Microsoft Visual Studio Solution File, Format Version 12.00
# Visual Studio Version 17
VisualStudioVersion = 17.9.34616.47
MinimumVisualStudioVersion = 10.0.40219.1
Project("{FAE04EC0-301F-11D3-BF4B-00C04F79EFBC}") = "Dictionar", "Dictionar.csproj", "{932BBECA-F089-4DA9-99A9-505A353D4C02}"
EndProject
Global
	GlobalSection(SolutionConfigurationPlatforms) = preSolution
		Debug|Any CPU = Debug|Any CPU
		Debug|ARM64 = Debug|ARM64
		Release|Any CPU = Release|Any CPU
		Release|ARM64 = Release|ARM64
	EndGlobalSection
	GlobalSection(ProjectConfigurationPlatforms) = postSolution
		{932BBECA-F089-4DA9-99A9-505A353D4C02}.Debug|Any CPU.ActiveCfg = Debug|Any CPU
		{932BBECA-F089-4DA9-99A9-505A353D4C02}.Debug|Any CPU.Build.0 = Debug|Any CPU
		{932BBECA-F089-4DA9-99A9-505A353D4C02}.Debug|ARM64.ActiveCfg = Debug|ARM64
		{932BBECA-F089-4DA9-99A9-505A353D4C02}.Debug|ARM64.Build.0 = Debug|ARM64
		{932BBECA-F089-4DA9-99A9-505A353D4C02}.Release|Any CPU.ActiveCfg = Release|Any CPU
		{932BBECA-F089-4DA9-99A9-505A353D4C02}.Release|Any CPU.Build.0 = Release|Any CPU
		{932BBECA-F089-4DA9-99A9-505A353D4C02}.Release|ARM64.ActiveCfg = Release|ARM64
		{932BBECA-F089-4DA9-99A9-505A353D4C02}.Release|ARM64.Build.0 = Release|ARM64
	EndGlobalSection
	GlobalSection(SolutionProperties) = preSolution
		HideSolutionNode = FALSE
	EndGlobalSection
	GlobalSection(ExtensibilityGlobals) = postSolution
		SolutionGuid = {4D27FADF-C957-4916-804A-E3571356FDB3}
	EndGlobalSection
EndGlobal
